<Solution>
  <Folder Name="/Core/">
    <Project Path="Core/Omni2FA.Core/Omni2FA.Core.csproj" />
  </Folder>
  <Folder Name="/src/">
    <Project Path="src/Omni2FA.AspNetCore.EntityFrameworkCore/Omni2FA.AspNetCore.EntityFrameworkCore.csproj" />
    <Project Path="src/Omni2FA.AspNetCore/Omni2FA.AspNetCore.csproj" />
  </Folder>
</Solution>
